
Microsoft Visual Studio Solution File, Format Version 12.00
# Visual Studio 2013
VisualStudioVersion = 12.0.21005.1
MinimumVisualStudioVersion = 10.0.40219.1
Project("{FAE04EC0-301F-11D3-BF4B-00C04F79EFBC}") = "ChocoMambo", "ChocoMambo\ChocoMambo.csproj", "{F4B074DE-2EC6-429D-83CC-E1706D9D4C30}"
EndProject
Project("{FAE04EC0-301F-11D3-BF4B-00C04F79EFBC}") = "DBConnection", "..\hashTable\DBConnection\DBConnection.csproj", "{88D539DB-6E32-4C17-81F0-2BFB8383D960}"
EndProject
Project("{FAE04EC0-301F-11D3-BF4B-00C04F79EFBC}") = "ErrorHandling", "ErrorHandling\ErrorHandling.csproj", "{C19ECAEC-D0AC-4AF5-9E3D-5F1FA8B42868}"
EndProject
Global
	GlobalSection(SolutionConfigurationPlatforms) = preSolution
		Debug|Any CPU = Debug|Any CPU
		Release|Any CPU = Release|Any CPU
	EndGlobalSection
	GlobalSection(ProjectConfigurationPlatforms) = postSolution
		{F4B074DE-2EC6-429D-83CC-E1706D9D4C30}.Debug|Any CPU.ActiveCfg = Debug|Any CPU
		{F4B074DE-2EC6-429D-83CC-E1706D9D4C30}.Debug|Any CPU.Build.0 = Debug|Any CPU
		{F4B074DE-2EC6-429D-83CC-E1706D9D4C30}.Release|Any CPU.ActiveCfg = Release|Any CPU
		{F4B074DE-2EC6-429D-83CC-E1706D9D4C30}.Release|Any CPU.Build.0 = Release|Any CPU
		{88D539DB-6E32-4C17-81F0-2BFB8383D960}.Debug|Any CPU.ActiveCfg = Debug|Any CPU
		{88D539DB-6E32-4C17-81F0-2BFB8383D960}.Debug|Any CPU.Build.0 = Debug|Any CPU
		{88D539DB-6E32-4C17-81F0-2BFB8383D960}.Release|Any CPU.ActiveCfg = Release|Any CPU
		{88D539DB-6E32-4C17-81F0-2BFB8383D960}.Release|Any CPU.Build.0 = Release|Any CPU
		{C19ECAEC-D0AC-4AF5-9E3D-5F1FA8B42868}.Debug|Any CPU.ActiveCfg = Debug|Any CPU
		{C19ECAEC-D0AC-4AF5-9E3D-5F1FA8B42868}.Debug|Any CPU.Build.0 = Debug|Any CPU
		{C19ECAEC-D0AC-4AF5-9E3D-5F1FA8B42868}.Release|Any CPU.ActiveCfg = Release|Any CPU
		{C19ECAEC-D0AC-4AF5-9E3D-5F1FA8B42868}.Release|Any CPU.Build.0 = Release|Any CPU
	EndGlobalSection
	GlobalSection(SolutionProperties) = preSolution
		HideSolutionNode = FALSE
	EndGlobalSection
	GlobalSection(Performance) = preSolution
		HasPerformanceSessions = true
	EndGlobalSection
EndGlobal
