
Microsoft Visual Studio Solution File, Format Version 12.00
# Visual Studio 2013
VisualStudioVersion = 12.0.21005.1
MinimumVisualStudioVersion = 10.0.40219.1
Project("{FAE04EC0-301F-11D3-BF4B-00C04F79EFBC}") = "ChocoMambo Professional", "ChocoMambo Professional\ChocoMambo Professional.csproj", "{F791CE17-4A58-42B6-82EE-08329220DC3C}"
EndProject
Project("{FAE04EC0-301F-11D3-BF4B-00C04F79EFBC}") = "DBConnection", "DBConnection\DBConnection.csproj", "{88D539DB-6E32-4C17-81F0-2BFB8383D960}"
EndProject
Project("{FAE04EC0-301F-11D3-BF4B-00C04F79EFBC}") = "ClassErrorCollection", "ClassErrorCollection\ClassErrorCollection.csproj", "{7A2615B3-88BF-476C-994C-30017F472F71}"
EndProject
Global
	GlobalSection(SolutionConfigurationPlatforms) = preSolution
		Debug|Any CPU = Debug|Any CPU
		Release|Any CPU = Release|Any CPU
	EndGlobalSection
	GlobalSection(ProjectConfigurationPlatforms) = postSolution
		{F791CE17-4A58-42B6-82EE-08329220DC3C}.Debug|Any CPU.ActiveCfg = Debug|Any CPU
		{F791CE17-4A58-42B6-82EE-08329220DC3C}.Debug|Any CPU.Build.0 = Debug|Any CPU
		{F791CE17-4A58-42B6-82EE-08329220DC3C}.Release|Any CPU.ActiveCfg = Release|Any CPU
		{F791CE17-4A58-42B6-82EE-08329220DC3C}.Release|Any CPU.Build.0 = Release|Any CPU
		{88D539DB-6E32-4C17-81F0-2BFB8383D960}.Debug|Any CPU.ActiveCfg = Debug|Any CPU
		{88D539DB-6E32-4C17-81F0-2BFB8383D960}.Debug|Any CPU.Build.0 = Debug|Any CPU
		{88D539DB-6E32-4C17-81F0-2BFB8383D960}.Release|Any CPU.ActiveCfg = Release|Any CPU
		{88D539DB-6E32-4C17-81F0-2BFB8383D960}.Release|Any CPU.Build.0 = Release|Any CPU
		{7A2615B3-88BF-476C-994C-30017F472F71}.Debug|Any CPU.ActiveCfg = Debug|Any CPU
		{7A2615B3-88BF-476C-994C-30017F472F71}.Debug|Any CPU.Build.0 = Debug|Any CPU
		{7A2615B3-88BF-476C-994C-30017F472F71}.Release|Any CPU.ActiveCfg = Release|Any CPU
		{7A2615B3-88BF-476C-994C-30017F472F71}.Release|Any CPU.Build.0 = Release|Any CPU
	EndGlobalSection
	GlobalSection(SolutionProperties) = preSolution
		HideSolutionNode = FALSE
	EndGlobalSection
EndGlobal
